
Microsoft Visual Studio Solution File, Format Version 12.00
# Visual Studio Version 16
VisualStudioVersion = 16.0.30804.86
MinimumVisualStudioVersion = 10.0.40219.1
Project("{8BC9CEB8-8B4A-11D0-8D11-00A0C91BC942}") = "My_name", "My_name\My_name.vcxproj", "{DA9C8CE8-652A-4135-9154-45CFB6C9CC2A}"
EndProject
Global
	GlobalSection(SolutionConfigurationPlatforms) = preSolution
		Debug|x64 = Debug|x64
		Debug|x86 = Debug|x86
		Release|x64 = Release|x64
		Release|x86 = Release|x86
	EndGlobalSection
	GlobalSection(ProjectConfigurationPlatforms) = postSolution
		{DA9C8CE8-652A-4135-9154-45CFB6C9CC2A}.Debug|x64.ActiveCfg = Debug|x64
		{DA9C8CE8-652A-4135-9154-45CFB6C9CC2A}.Debug|x64.Build.0 = Debug|x64
		{DA9C8CE8-652A-4135-9154-45CFB6C9CC2A}.Debug|x86.ActiveCfg = Debug|Win32
		{DA9C8CE8-652A-4135-9154-45CFB6C9CC2A}.Debug|x86.Build.0 = Debug|Win32
		{DA9C8CE8-652A-4135-9154-45CFB6C9CC2A}.Release|x64.ActiveCfg = Release|x64
		{DA9C8CE8-652A-4135-9154-45CFB6C9CC2A}.Release|x64.Build.0 = Release|x64
		{DA9C8CE8-652A-4135-9154-45CFB6C9CC2A}.Release|x86.ActiveCfg = Release|Win32
		{DA9C8CE8-652A-4135-9154-45CFB6C9CC2A}.Release|x86.Build.0 = Release|Win32
	EndGlobalSection
	GlobalSection(SolutionProperties) = preSolution
		HideSolutionNode = FALSE
	EndGlobalSection
	GlobalSection(ExtensibilityGlobals) = postSolution
		SolutionGuid = {D43B788E-831F-487D-B2F1-35D8A4A7123E}
	EndGlobalSection
EndGlobal
